
Microsoft Visual Studio Solution File, Format Version 12.00
# Visual Studio Version 17
VisualStudioVersion = 17.5.002.0
MinimumVisualStudioVersion = 10.0.40219.1
Project("{9A19103F-16F7-4668-BE54-9A1E7A4F7556}") = "Final", "Final\Final.csproj", "{01A58A0F-5954-4ADF-9B61-7B617F562789}"
EndProject
Project("{9A19103F-16F7-4668-BE54-9A1E7A4F7556}") = "Starter", "Starter\Starter.csproj", "{79C40039-7751-417B-A78A-9FFBFF2698C5}"
EndProject
Global
	GlobalSection(SolutionConfigurationPlatforms) = preSolution
		Debug|Any CPU = Debug|Any CPU
		Release|Any CPU = Release|Any CPU
	EndGlobalSection
	GlobalSection(ProjectConfigurationPlatforms) = postSolution
		{01A58A0F-5954-4ADF-9B61-7B617F562789}.Debug|Any CPU.ActiveCfg = Debug|Any CPU
		{01A58A0F-5954-4ADF-9B61-7B617F562789}.Debug|Any CPU.Build.0 = Debug|Any CPU
		{01A58A0F-5954-4ADF-9B61-7B617F562789}.Release|Any CPU.ActiveCfg = Release|Any CPU
		{01A58A0F-5954-4ADF-9B61-7B617F562789}.Release|Any CPU.Build.0 = Release|Any CPU
		{79C40039-7751-417B-A78A-9FFBFF2698C5}.Debug|Any CPU.ActiveCfg = Debug|Any CPU
		{79C40039-7751-417B-A78A-9FFBFF2698C5}.Debug|Any CPU.Build.0 = Debug|Any CPU
		{79C40039-7751-417B-A78A-9FFBFF2698C5}.Release|Any CPU.ActiveCfg = Release|Any CPU
		{79C40039-7751-417B-A78A-9FFBFF2698C5}.Release|Any CPU.Build.0 = Release|Any CPU
	EndGlobalSection
	GlobalSection(SolutionProperties) = preSolution
		HideSolutionNode = FALSE
	EndGlobalSection
	GlobalSection(ExtensibilityGlobals) = postSolution
		SolutionGuid = {22ADAC90-F408-4194-8C0A-DF530EA6D1B9}
	EndGlobalSection
EndGlobal
